<?xml version="1.0" encoding="UTF-8" standalone="yes" ?>
<CodeBlocks_project_file>
	<FileVersion major="1" minor="6" />
	<Project>
		<Option title="vec_IFsimu" />
		<Option pch_mode="2" />
		<Option compiler="gcc" />
		<Build>
			<Target title="Debug">
				<Option output="bin/Debug/vec_IFsimu" prefix_auto="1" extension_auto="1" />
				<Option object_output="obj/Debug/" />
				<Option type="1" />
				<Option compiler="gcc" />
				<Option parameters="--t 1e3 --stv 0.5 --net -- --scee 1e-19 --scie 1e-19 --scei 1e-19 --scii 1e-19 --pr 1.6 --ps 0.04 --neuron-model HH-GH --isi-path v_isi.txt --dt 0.5 --nE 100" />
				<Compiler>
					<Add option="-g" />
				</Compiler>
			</Target>
			<Target title="Release">
				<Option output="bin/Release/vec_IFsimu" prefix_auto="1" extension_auto="1" />
				<Option object_output="obj/Release/" />
				<Option type="1" />
				<Option compiler="gcc" />
				<Compiler>
					<Add option="-O2" />
					<Add option="-g" />
				</Compiler>
			</Target>
		</Build>
		<Compiler>
			<Add option="-pedantic" />
			<Add option="-Wextra" />
			<Add option="-Wall" />
			<Add option="-std=c++11" />
			<Add option="-Wno-unused-parameter" />
		</Compiler>
		<Linker>
			<Add library="boost_program_options" />
		</Linker>
		<Unit filename="common_header.h" />
		<Unit filename="fmath.hpp" />
		<Unit filename="legacy_lib.cpp" />
		<Unit filename="legacy_lib.h" />
		<Unit filename="main.cpp" />
		<Unit filename="math_helper.cpp" />
		<Unit filename="math_helper.h" />
		<Unit filename="neuron_system_utils.cpp" />
		<Unit filename="neuron_system_utils.h" />
		<Unit filename="poisson_generator.cpp" />
		<Unit filename="poisson_generator.h" />
		<Unit filename="simulator_base.h" />
		<Unit filename="simulator_exact_order.h" />
		<Unit filename="simulator_v0.h" />
		<Unit filename="single_neuron_dynamics.h" />
		<Extensions>
			<envvars />
			<code_completion />
			<debugger />
		</Extensions>
	</Project>
</CodeBlocks_project_file>
